{
  "name": "andrewtubalinal.github.io",
  "version": "1.0.0",
  "lockfileVersion": 3,
  "requires": true,
  "packages": {
    "": {
      "name": "andrewtubalinal.github.io",
      "version": "1.0.0",
      "license": "ISC",
      "dependencies": {
        "angularjs-slickcarousel-directive": "^1.2.1",
        "animate.css": "^4.1.1"
      }
    },
    "node_modules/angular": {
      "version": "1.8.3",
      "resolved": "https://registry.npmjs.org/angular/-/angular-1.8.3.tgz",
      "integrity": "sha512-5qjkWIQQVsHj4Sb5TcEs4WZWpFeVFHXwxEBHUhrny41D8UrBAd6T/6nPPAsLngJCReIOqi95W3mxdveveutpZw==",
      "deprecated": "For the actively supported Angular, see https://www.npmjs.com/package/@angular/core. AngularJS support has officially ended. For extended AngularJS support options, see https://goo.gle/angularjs-path-forward."
    },
    "node_modules/angular-mocks": {
      "version": "1.8.3",
      "resolved": "https://registry.npmjs.org/angular-mocks/-/angular-mocks-1.8.3.tgz",
      "integrity": "sha512-vqsT6zwu80cZ8RY7qRQBZuy6Fq5X7/N5hkV9LzNT0c8b546rw4ErGK6muW1u2JnDKYa7+jJuaGM702bWir4HGw=="
    },
    "node_modules/angularjs-slickcarousel-directive": {
      "version": "1.2.1",
      "resolved": "https://registry.npmjs.org/angularjs-slickcarousel-directive/-/angularjs-slickcarousel-directive-1.2.1.tgz",
      "integrity": "sha512-B/zT8OEdflmLRo2Vt6ZK5cj1MmVF92HIIlljt5R+Gtu4ZQy0Ypc3LODIIHoqMJbACrGZ89O8oH4A3d9VN0N1Tw==",
      "dependencies": {
        "angular": "^1.7.5",
        "angular-mocks": "^1.7.5",
        "compile-template": "^0.3.1",
        "jquery": "^3.3.1",
        "slick-carousel": "^1.8.1"
      },
      "engines": {
        "node": ">=0.10.0"
      }
    },
    "node_modules/animate.css": {
      "version": "4.1.1",
      "resolved": "https://registry.npmjs.org/animate.css/-/animate.css-4.1.1.tgz",
      "integrity": "sha512-+mRmCTv6SbCmtYJCN4faJMNFVNN5EuCTTprDTAo7YzIGji2KADmakjVA3+8mVDkZ2Bf09vayB35lSQIex2+QaQ=="
    },
    "node_modules/compile-template": {
      "version": "0.3.1",
      "resolved": "https://registry.npmjs.org/compile-template/-/compile-template-0.3.1.tgz",
      "integrity": "sha512-5aB55cRApvy8zKPe9RrrLVysVpHafgp1IMvfGYQ8QnXrIsafYuj73yyIGYEHsslYoDxIs/XsM5wTIxICcwIKog==",
      "engines": {
        "node": ">=4.0.0"
      }
    },
    "node_modules/jquery": {
      "version": "3.7.1",
      "resolved": "https://registry.npmjs.org/jquery/-/jquery-3.7.1.tgz",
      "integrity": "sha512-m4avr8yL8kmFN8psrbFFFmB/If14iN5o9nw/NgnnM+kybDJpRsAynV2BsfpTYrTRysYUdADVD7CkUUizgkpLfg=="
    },
    "node_modules/slick-carousel": {
      "version": "1.8.1",
      "resolved": "https://registry.npmjs.org/slick-carousel/-/slick-carousel-1.8.1.tgz",
      "integrity": "sha512-XB9Ftrf2EEKfzoQXt3Nitrt/IPbT+f1fgqBdoxO3W/+JYvtEOW6EgxnWfr9GH6nmULv7Y2tPmEX3koxThVmebA==",
      "peerDependencies": {
        "jquery": ">=1.8.0"
      }
    }
  }
}
